
Microsoft Visual Studio Solution File, Format Version 12.00
# Visual Studio Version 16
VisualStudioVersion = 16.0.29728.190
MinimumVisualStudioVersion = 10.0.40219.1
Project("{FAE04EC0-301F-11D3-BF4B-00C04F79EFBC}") = "oracle0110", "oracle0110\oracle0110.csproj", "{B5BE44AA-0049-4538-B059-2AD8AB9A3A84}"
EndProject
Global
	GlobalSection(SolutionConfigurationPlatforms) = preSolution
		Debug|Any CPU = Debug|Any CPU
		Release|Any CPU = Release|Any CPU
	EndGlobalSection
	GlobalSection(ProjectConfigurationPlatforms) = postSolution
		{B5BE44AA-0049-4538-B059-2AD8AB9A3A84}.Debug|Any CPU.ActiveCfg = Debug|Any CPU
		{B5BE44AA-0049-4538-B059-2AD8AB9A3A84}.Debug|Any CPU.Build.0 = Debug|Any CPU
		{B5BE44AA-0049-4538-B059-2AD8AB9A3A84}.Release|Any CPU.ActiveCfg = Release|Any CPU
		{B5BE44AA-0049-4538-B059-2AD8AB9A3A84}.Release|Any CPU.Build.0 = Release|Any CPU
	EndGlobalSection
	GlobalSection(SolutionProperties) = preSolution
		HideSolutionNode = FALSE
	EndGlobalSection
	GlobalSection(ExtensibilityGlobals) = postSolution
		SolutionGuid = {FF691C09-9C5D-44B6-AC9D-3923AEBDDDF7}
	EndGlobalSection
EndGlobal
